
Microsoft Visual Studio Solution File, Format Version 12.00
# Visual Studio Version 17
VisualStudioVersion = 17.13.35825.156 d17.13
MinimumVisualStudioVersion = 10.0.40219.1
Project("{FAE04EC0-301F-11D3-BF4B-00C04F79EFBC}") = "Genstion de Biblioteca", "Genstion de Biblioteca\Genstion de Biblioteca.csproj", "{CD9E4588-2563-46D5-884E-B90F9093CFD0}"
EndProject
Global
	GlobalSection(SolutionConfigurationPlatforms) = preSolution
		Debug|Any CPU = Debug|Any CPU
		Release|Any CPU = Release|Any CPU
	EndGlobalSection
	GlobalSection(ProjectConfigurationPlatforms) = postSolution
		{CD9E4588-2563-46D5-884E-B90F9093CFD0}.Debug|Any CPU.ActiveCfg = Debug|Any CPU
		{CD9E4588-2563-46D5-884E-B90F9093CFD0}.Debug|Any CPU.Build.0 = Debug|Any CPU
		{CD9E4588-2563-46D5-884E-B90F9093CFD0}.Release|Any CPU.ActiveCfg = Release|Any CPU
		{CD9E4588-2563-46D5-884E-B90F9093CFD0}.Release|Any CPU.Build.0 = Release|Any CPU
	EndGlobalSection
	GlobalSection(SolutionProperties) = preSolution
		HideSolutionNode = FALSE
	EndGlobalSection
	GlobalSection(ExtensibilityGlobals) = postSolution
		SolutionGuid = {AC08ED35-107F-4D83-AE09-0BEA0014C97C}
	EndGlobalSection
EndGlobal
